// !$*UTF8*$!
{
	archiveVersion = 1;
	classes = {
	};
	objectVersion = 46;
	objects = {

/* Begin PBXBuildFile section */
		0F1361191F175A74006D2A19 /* AppDelegate.swift in Sources */ = {isa = PBXBuildFile; fileRef = 0F1361181F175A74006D2A19 /* AppDelegate.swift */; };
		0F13611E1F175A74006D2A19 /* Main.storyboard in Resources */ = {isa = PBXBuildFile; fileRef = 0F13611C1F175A74006D2A19 /* Main.storyboard */; };
		0F1361201F175A74006D2A19 /* Assets.xcassets in Resources */ = {isa = PBXBuildFile; fileRef = 0F13611F1F175A74006D2A19 /* Assets.xcassets */; };
		0F1361231F175A74006D2A19 /* LaunchScreen.storyboard in Resources */ = {isa = PBXBuildFile; fileRef = 0F1361211F175A74006D2A19 /* LaunchScreen.storyboard */; };
		0F13612E1F175A75006D2A19 /* DouYuZBTests.swift in Sources */ = {isa = PBXBuildFile; fileRef = 0F13612D1F175A75006D2A19 /* DouYuZBTests.swift */; };
		0F1361391F175A75006D2A19 /* DouYuZBUITests.swift in Sources */ = {isa = PBXBuildFile; fileRef = 0F1361381F175A75006D2A19 /* DouYuZBUITests.swift */; };
		0F13614F1F177126006D2A19 /* Home.storyboard in Resources */ = {isa = PBXBuildFile; fileRef = 0F13614D1F177126006D2A19 /* Home.storyboard */; };
		0F1361511F177160006D2A19 /* Live.storyboard in Resources */ = {isa = PBXBuildFile; fileRef = 0F1361501F177160006D2A19 /* Live.storyboard */; };
		0F1361541F177177006D2A19 /* Follow.storyboard in Resources */ = {isa = PBXBuildFile; fileRef = 0F1361521F177177006D2A19 /* Follow.storyboard */; };
		0F1361561F177188006D2A19 /* Profile.storyboard in Resources */ = {isa = PBXBuildFile; fileRef = 0F1361551F177188006D2A19 /* Profile.storyboard */; };
		0F1361581F177235006D2A19 /* MainViewController.swift in Sources */ = {isa = PBXBuildFile; fileRef = 0F1361571F177235006D2A19 /* MainViewController.swift */; };
/* End PBXBuildFile section */

/* Begin PBXContainerItemProxy section */
		0F13612A1F175A75006D2A19 /* PBXContainerItemProxy */ = {
			isa = PBXContainerItemProxy;
			containerPortal = 0F13610D1F175A74006D2A19 /* Project object */;
			proxyType = 1;
			remoteGlobalIDString = 0F1361141F175A74006D2A19;
			remoteInfo = DouYuZB;
		};
		0F1361351F175A75006D2A19 /* PBXContainerItemProxy */ = {
			isa = PBXContainerItemProxy;
			containerPortal = 0F13610D1F175A74006D2A19 /* Project object */;
			proxyType = 1;
			remoteGlobalIDString = 0F1361141F175A74006D2A19;
			remoteInfo = DouYuZB;
		};
/* End PBXContainerItemProxy section */

/* Begin PBXFileReference section */
		0F1361151F175A74006D2A19 /* DouYuZB.app */ = {isa = PBXFileReference; explicitFileType = wrapper.application; includeInIndex = 0; path = DouYuZB.app; sourceTree = BUILT_PRODUCTS_DIR; };
		0F1361181F175A74006D2A19 /* AppDelegate.swift */ = {isa = PBXFileReference; lastKnownFileType = sourcecode.swift; path = AppDelegate.swift; sourceTree = "<group>"; };
		0F13611D1F175A74006D2A19 /* Base */ = {isa = PBXFileReference; lastKnownFileType = file.storyboard; name = Base; path = Base.lproj/Main.storyboard; sourceTree = "<group>"; };
		0F13611F1F175A74006D2A19 /* Assets.xcassets */ = {isa = PBXFileReference; lastKnownFileType = folder.assetcatalog; path = Assets.xcassets; sourceTree = "<group>"; };
		0F1361221F175A74006D2A19 /* Base */ = {isa = PBXFileReference; lastKnownFileType = file.storyboard; name = Base; path = Base.lproj/LaunchScreen.storyboard; sourceTree = "<group>"; };
		0F1361241F175A74006D2A19 /* Info.plist */ = {isa = PBXFileReference; lastKnownFileType = text.plist.xml; path = Info.plist; sourceTree = "<group>"; };
		0F1361291F175A75006D2A19 /* DouYuZBTests.xctest */ = {isa = PBXFileReference; explicitFileType = wrapper.cfbundle; includeInIndex = 0; path = DouYuZBTests.xctest; sourceTree = BUILT_PRODUCTS_DIR; };
		0F13612D1F175A75006D2A19 /* DouYuZBTests.swift */ = {isa = PBXFileReference; lastKnownFileType = sourcecode.swift; path = DouYuZBTests.swift; sourceTree = "<group>"; };
		0F13612F1F175A75006D2A19 /* Info.plist */ = {isa = PBXFileReference; lastKnownFileType = text.plist.xml; path = Info.plist; sourceTree = "<group>"; };
		0F1361341F175A75006D2A19 /* DouYuZBUITests.xctest */ = {isa = PBXFileReference; explicitFileType = wrapper.cfbundle; includeInIndex = 0; path = DouYuZBUITests.xctest; sourceTree = BUILT_PRODUCTS_DIR; };
		0F1361381F175A75006D2A19 /* DouYuZBUITests.swift */ = {isa = PBXFileReference; lastKnownFileType = sourcecode.swift; path = DouYuZBUITests.swift; sourceTree = "<group>"; };
		0F13613A1F175A75006D2A19 /* Info.plist */ = {isa = PBXFileReference; lastKnownFileType = text.plist.xml; path = Info.plist; sourceTree = "<group>"; };
		0F13614E1F177126006D2A19 /* Base */ = {isa = PBXFileReference; lastKnownFileType = file.storyboard; name = Base; path = DouYuZB/Base.lproj/Home.storyboard; sourceTree = SOURCE_ROOT; };
		0F1361501F177160006D2A19 /* Live.storyboard */ = {isa = PBXFileReference; fileEncoding = 4; lastKnownFileType = file.storyboard; name = Live.storyboard; path = ../Main/Live.storyboard; sourceTree = "<group>"; };
		0F1361531F177177006D2A19 /* Base */ = {isa = PBXFileReference; lastKnownFileType = file.storyboard; name = Base; path = DouYuZB/Base.lproj/Follow.storyboard; sourceTree = SOURCE_ROOT; };
		0F1361551F177188006D2A19 /* Profile.storyboard */ = {isa = PBXFileReference; fileEncoding = 4; lastKnownFileType = file.storyboard; name = Profile.storyboard; path = ../Main/Profile.storyboard; sourceTree = "<group>"; };
		0F1361571F177235006D2A19 /* MainViewController.swift */ = {isa = PBXFileReference; fileEncoding = 4; lastKnownFileType = sourcecode.swift; path = MainViewController.swift; sourceTree = "<group>"; };
/* End PBXFileReference section */

/* Begin PBXFrameworksBuildPhase section */
		0F1361121F175A74006D2A19 /* Frameworks */ = {
			isa = PBXFrameworksBuildPhase;
			buildActionMask = 2147483647;
			files = (
			);
			runOnlyForDeploymentPostprocessing = 0;
		};
		0F1361261F175A75006D2A19 /* Frameworks */ = {
			isa = PBXFrameworksBuildPhase;
			buildActionMask = 2147483647;
			files = (
			);
			runOnlyForDeploymentPostprocessing = 0;
		};
		0F1361311F175A75006D2A19 /* Frameworks */ = {
			isa = PBXFrameworksBuildPhase;
			buildActionMask = 2147483647;
			files = (
			);
			runOnlyForDeploymentPostprocessing = 0;
		};
/* End PBXFrameworksBuildPhase section */

/* Begin PBXGroup section */
		0F13610C1F175A74006D2A19 = {
			isa = PBXGroup;
			children = (
				0F1361171F175A74006D2A19 /* DouYuZB */,
				0F13612C1F175A75006D2A19 /* DouYuZBTests */,
				0F1361371F175A75006D2A19 /* DouYuZBUITests */,
				0F1361161F175A74006D2A19 /* Products */,
			);
			sourceTree = "<group>";
		};
		0F1361161F175A74006D2A19 /* Products */ = {
			isa = PBXGroup;
			children = (
				0F1361151F175A74006D2A19 /* DouYuZB.app */,
				0F1361291F175A75006D2A19 /* DouYuZBTests.xctest */,
				0F1361341F175A75006D2A19 /* DouYuZBUITests.xctest */,
			);
			name = Products;
			sourceTree = "<group>";
		};
		0F1361171F175A74006D2A19 /* DouYuZB */ = {
			isa = PBXGroup;
			children = (
				0F1361461F1768FB006D2A19 /* Classes */,
				0F1361181F175A74006D2A19 /* AppDelegate.swift */,
				0F13611F1F175A74006D2A19 /* Assets.xcassets */,
				0F1361211F175A74006D2A19 /* LaunchScreen.storyboard */,
				0F1361241F175A74006D2A19 /* Info.plist */,
			);
			path = DouYuZB;
			sourceTree = "<group>";
		};
		0F13612C1F175A75006D2A19 /* DouYuZBTests */ = {
			isa = PBXGroup;
			children = (
				0F13612D1F175A75006D2A19 /* DouYuZBTests.swift */,
				0F13612F1F175A75006D2A19 /* Info.plist */,
			);
			path = DouYuZBTests;
			sourceTree = "<group>";
		};
		0F1361371F175A75006D2A19 /* DouYuZBUITests */ = {
			isa = PBXGroup;
			children = (
				0F1361381F175A75006D2A19 /* DouYuZBUITests.swift */,
				0F13613A1F175A75006D2A19 /* Info.plist */,
			);
			path = DouYuZBUITests;
			sourceTree = "<group>";
		};
		0F1361461F1768FB006D2A19 /* Classes */ = {
			isa = PBXGroup;
			children = (
				0F13614A1F1768FB006D2A19 /* Main */,
				0F1361481F1768FB006D2A19 /* Home */,
				0F1361491F1768FB006D2A19 /* Live */,
				0F1361471F1768FB006D2A19 /* Follow */,
				0F13614B1F1768FB006D2A19 /* Profile */,
				0F13614C1F1768FB006D2A19 /* Tools */,
			);
			path = Classes;
			sourceTree = "<group>";
		};
		0F1361471F1768FB006D2A19 /* Follow */ = {
			isa = PBXGroup;
			children = (
				0F1361521F177177006D2A19 /* Follow.storyboard */,
			);
			path = Follow;
			sourceTree = "<group>";
		};
		0F1361481F1768FB006D2A19 /* Home */ = {
			isa = PBXGroup;
			children = (
				0F13614D1F177126006D2A19 /* Home.storyboard */,
			);
			path = Home;
			sourceTree = "<group>";
		};
		0F1361491F1768FB006D2A19 /* Live */ = {
			isa = PBXGroup;
			children = (
				0F1361501F177160006D2A19 /* Live.storyboard */,
			);
			path = Live;
			sourceTree = "<group>";
		};
		0F13614A1F1768FB006D2A19 /* Main */ = {
			isa = PBXGroup;
			children = (
				0F1361571F177235006D2A19 /* MainViewController.swift */,
				0F13611C1F175A74006D2A19 /* Main.storyboard */,
			);
			path = Main;
			sourceTree = "<group>";
		};
		0F13614B1F1768FB006D2A19 /* Profile */ = {
			isa = PBXGroup;
			children = (
				0F1361551F177188006D2A19 /* Profile.storyboard */,
			);
			path = Profile;
			sourceTree = "<group>";
		};
		0F13614C1F1768FB006D2A19 /* Tools */ = {
			isa = PBXGroup;
			children = (
			);
			path = Tools;
			sourceTree = "<group>";
		};
/* End PBXGroup section */

/* Begin PBXNativeTarget section */
		0F1361141F175A74006D2A19 /* DouYuZB */ = {
			isa = PBXNativeTarget;
			buildConfigurationList = 0F13613D1F175A75006D2A19 /* Build configuration list for PBXNativeTarget "DouYuZB" */;
			buildPhases = (
				0F1361111F175A74006D2A19 /* Sources */,
				0F1361121F175A74006D2A19 /* Frameworks */,
				0F1361131F175A74006D2A19 /* Resources */,
			);
			buildRules = (
			);
			dependencies = (
			);
			name = DouYuZB;
			productName = DouYuZB;
			productReference = 0F1361151F175A74006D2A19 /* DouYuZB.app */;
			productType = "com.apple.product-type.application";
		};
		0F1361281F175A75006D2A19 /* DouYuZBTests */ = {
			isa = PBXNativeTarget;
			buildConfigurationList = 0F1361401F175A75006D2A19 /* Build configuration list for PBXNativeTarget "DouYuZBTests" */;
			buildPhases = (
				0F1361251F175A75006D2A19 /* Sources */,
				0F1361261F175A75006D2A19 /* Frameworks */,
				0F1361271F175A75006D2A19 /* Resources */,
			);
			buildRules = (
			);
			dependencies = (
				0F13612B1F175A75006D2A19 /* PBXTargetDependency */,
			);
			name = DouYuZBTests;
			productName = DouYuZBTests;
			productReference = 0F1361291F175A75006D2A19 /* DouYuZBTests.xctest */;
			productType = "com.apple.product-type.bundle.unit-test";
		};
		0F1361331F175A75006D2A19 /* DouYuZBUITests */ = {
			isa = PBXNativeTarget;
			buildConfigurationList = 0F1361431F175A75006D2A19 /* Build configuration list for PBXNativeTarget "DouYuZBUITests" */;
			buildPhases = (
				0F1361301F175A75006D2A19 /* Sources */,
				0F1361311F175A75006D2A19 /* Frameworks */,
				0F1361321F175A75006D2A19 /* Resources */,
			);
			buildRules = (
			);
			dependencies = (
				0F1361361F175A75006D2A19 /* PBXTargetDependency */,
			);
			name = DouYuZBUITests;
			productName = DouYuZBUITests;
			productReference = 0F1361341F175A75006D2A19 /* DouYuZBUITests.xctest */;
			productType = "com.apple.product-type.bundle.ui-testing";
		};
/* End PBXNativeTarget section */

/* Begin PBXProject section */
		0F13610D1F175A74006D2A19 /* Project object */ = {
			isa = PBXProject;
			attributes = {
				LastSwiftUpdateCheck = 0830;
				LastUpgradeCheck = 0830;
				ORGANIZATIONNAME = mytrainning;
				TargetAttributes = {
					0F1361141F175A74006D2A19 = {
						CreatedOnToolsVersion = 8.3.3;
						ProvisioningStyle = Automatic;
					};
					0F1361281F175A75006D2A19 = {
						CreatedOnToolsVersion = 8.3.3;
						ProvisioningStyle = Automatic;
						TestTargetID = 0F1361141F175A74006D2A19;
					};
					0F1361331F175A75006D2A19 = {
						CreatedOnToolsVersion = 8.3.3;
						ProvisioningStyle = Automatic;
						TestTargetID = 0F1361141F175A74006D2A19;
					};
				};
			};
			buildConfigurationList = 0F1361101F175A74006D2A19 /* Build configuration list for PBXProject "DouYuZB" */;
			compatibilityVersion = "Xcode 3.2";
			developmentRegion = English;
			hasScannedForEncodings = 0;
			knownRegions = (
				en,
				Base,
			);
			mainGroup = 0F13610C1F175A74006D2A19;
			productRefGroup = 0F1361161F175A74006D2A19 /* Products */;
			projectDirPath = "";
			projectRoot = "";
			targets = (
				0F1361141F175A74006D2A19 /* DouYuZB */,
				0F1361281F175A75006D2A19 /* DouYuZBTests */,
				0F1361331F175A75006D2A19 /* DouYuZBUITests */,
			);
		};
/* End PBXProject section */

/* Begin PBXResourcesBuildPhase section */
		0F1361131F175A74006D2A19 /* Resources */ = {
			isa = PBXResourcesBuildPhase;
			buildActionMask = 2147483647;
			files = (
				0F1361231F175A74006D2A19 /* LaunchScreen.storyboard in Resources */,
				0F1361201F175A74006D2A19 /* Assets.xcassets in Resources */,
				0F13611E1F175A74006D2A19 /* Main.storyboard in Resources */,
				0F1361511F177160006D2A19 /* Live.storyboard in Resources */,
				0F13614F1F177126006D2A19 /* Home.storyboard in Resources */,
				0F1361561F177188006D2A19 /* Profile.storyboard in Resources */,
				0F1361541F177177006D2A19 /* Follow.storyboard in Resources */,
			);
			runOnlyForDeploymentPostprocessing = 0;
		};
		0F1361271F175A75006D2A19 /* Resources */ = {
			isa = PBXResourcesBuildPhase;
			buildActionMask = 2147483647;
			files = (
			);
			runOnlyForDeploymentPostprocessing = 0;
		};
		0F1361321F175A75006D2A19 /* Resources */ = {
			isa = PBXResourcesBuildPhase;
			buildActionMask = 2147483647;
			files = (
			);
			runOnlyForDeploymentPostprocessing = 0;
		};
/* End PBXResourcesBuildPhase section */

/* Begin PBXSourcesBuildPhase section */
		0F1361111F175A74006D2A19 /* Sources */ = {
			isa = PBXSourcesBuildPhase;
			buildActionMask = 2147483647;
			files = (
				0F1361191F175A74006D2A19 /* AppDelegate.swift in Sources */,
				0F1361581F177235006D2A19 /* MainViewController.swift in Sources */,
			);
			runOnlyForDeploymentPostprocessing = 0;
		};
		0F1361251F175A75006D2A19 /* Sources */ = {
			isa = PBXSourcesBuildPhase;
			buildActionMask = 2147483647;
			files = (
				0F13612E1F175A75006D2A19 /* DouYuZBTests.swift in Sources */,
			);
			runOnlyForDeploymentPostprocessing = 0;
		};
		0F1361301F175A75006D2A19 /* Sources */ = {
			isa = PBXSourcesBuildPhase;
			buildActionMask = 2147483647;
			files = (
				0F1361391F175A75006D2A19 /* DouYuZBUITests.swift in Sources */,
			);
			runOnlyForDeploymentPostprocessing = 0;
		};
/* End PBXSourcesBuildPhase section */

/* Begin PBXTargetDependency section */
		0F13612B1F175A75006D2A19 /* PBXTargetDependency */ = {
			isa = PBXTargetDependency;
			target = 0F1361141F175A74006D2A19 /* DouYuZB */;
			targetProxy = 0F13612A1F175A75006D2A19 /* PBXContainerItemProxy */;
		};
		0F1361361F175A75006D2A19 /* PBXTargetDependency */ = {
			isa = PBXTargetDependency;
			target = 0F1361141F175A74006D2A19 /* DouYuZB */;
			targetProxy = 0F1361351F175A75006D2A19 /* PBXContainerItemProxy */;
		};
/* End PBXTargetDependency section */

/* Begin PBXVariantGroup section */
		0F13611C1F175A74006D2A19 /* Main.storyboard */ = {
			isa = PBXVariantGroup;
			children = (
				0F13611D1F175A74006D2A19 /* Base */,
			);
			name = Main.storyboard;
			path = ../..;
			sourceTree = "<group>";
		};
		0F1361211F175A74006D2A19 /* LaunchScreen.storyboard */ = {
			isa = PBXVariantGroup;
			children = (
				0F1361221F175A74006D2A19 /* Base */,
			);
			name = LaunchScreen.storyboard;
			sourceTree = "<group>";
		};
		0F13614D1F177126006D2A19 /* Home.storyboard */ = {
			isa = PBXVariantGroup;
			children = (
				0F13614E1F177126006D2A19 /* Base */,
			);
			name = Home.storyboard;
			path = ../Main;
			sourceTree = "<group>";
		};
		0F1361521F177177006D2A19 /* Follow.storyboard */ = {
			isa = PBXVariantGroup;
			children = (
				0F1361531F177177006D2A19 /* Base */,
			);
			name = Follow.storyboard;
			path = ../Main;
			sourceTree = "<group>";
		};
/* End PBXVariantGroup section */

/* Begin XCBuildConfiguration section */
		0F13613B1F175A75006D2A19 /* Debug */ = {
			isa = XCBuildConfiguration;
			buildSettings = {
				ALWAYS_SEARCH_USER_PATHS = NO;
				CLANG_ANALYZER_NONNULL = YES;
				CLANG_ANALYZER_NUMBER_OBJECT_CONVERSION = YES_AGGRESSIVE;
				CLANG_CXX_LANGUAGE_STANDARD = "gnu++0x";
				CLANG_CXX_LIBRARY = "libc++";
				CLANG_ENABLE_MODULES = YES;
				CLANG_ENABLE_OBJC_ARC = YES;
				CLANG_WARN_BOOL_CONVERSION = YES;
				CLANG_WARN_CONSTANT_CONVERSION = YES;
				CLANG_WARN_DIRECT_OBJC_ISA_USAGE = YES_ERROR;
				CLANG_WARN_DOCUMENTATION_COMMENTS = YES;
				CLANG_WARN_EMPTY_BODY = YES;
				CLANG_WARN_ENUM_CONVERSION = YES;
				CLANG_WARN_INFINITE_RECURSION = YES;
				CLANG_WARN_INT_CONVERSION = YES;
				CLANG_WARN_OBJC_ROOT_CLASS = YES_ERROR;
				CLANG_WARN_SUSPICIOUS_MOVE = YES;
				CLANG_WARN_UNREACHABLE_CODE = YES;
				CLANG_WARN__DUPLICATE_METHOD_MATCH = YES;
				"CODE_SIGN_IDENTITY[sdk=iphoneos*]" = "iPhone Developer";
				COPY_PHASE_STRIP = NO;
				DEBUG_INFORMATION_FORMAT = dwarf;
				ENABLE_STRICT_OBJC_MSGSEND = YES;
				ENABLE_TESTABILITY = YES;
				GCC_C_LANGUAGE_STANDARD = gnu99;
				GCC_DYNAMIC_NO_PIC = NO;
				GCC_NO_COMMON_BLOCKS = YES;
				GCC_OPTIMIZATION_LEVEL = 0;
				GCC_PREPROCESSOR_DEFINITIONS = (
					"DEBUG=1",
					"$(inherited)",
				);
				GCC_WARN_64_TO_32_BIT_CONVERSION = YES;
				GCC_WARN_ABOUT_RETURN_TYPE = YES_ERROR;
				GCC_WARN_UNDECLARED_SELECTOR = YES;
				GCC_WARN_UNINITIALIZED_AUTOS = YES_AGGRESSIVE;
				GCC_WARN_UNUSED_FUNCTION = YES;
				GCC_WARN_UNUSED_VARIABLE = YES;
				IPHONEOS_DEPLOYMENT_TARGET = 10.3;
				MTL_ENABLE_DEBUG_INFO = YES;
				ONLY_ACTIVE_ARCH = YES;
				SDKROOT = iphoneos;
				SWIFT_ACTIVE_COMPILATION_CONDITIONS = DEBUG;
				SWIFT_OPTIMIZATION_LEVEL = "-Onone";
			};
			name = Debug;
		};
		0F13613C1F175A75006D2A19 /* Release */ = {
			isa = XCBuildConfiguration;
			buildSettings = {
				ALWAYS_SEARCH_USER_PATHS = NO;
				CLANG_ANALYZER_NONNULL = YES;
				CLANG_ANALYZER_NUMBER_OBJECT_CONVERSION = YES_AGGRESSIVE;
				CLANG_CXX_LANGUAGE_STANDARD = "gnu++0x";
				CLANG_CXX_LIBRARY = "libc++";
				CLANG_ENABLE_MODULES = YES;
				CLANG_ENABLE_OBJC_ARC = YES;
				CLANG_WARN_BOOL_CONVERSION = YES;
				CLANG_WARN_CONSTANT_CONVERSION = YES;
				CLANG_WARN_DIRECT_OBJC_ISA_USAGE = YES_ERROR;
				CLANG_WARN_DOCUMENTATION_COMMENTS = YES;
				CLANG_WARN_EMPTY_BODY = YES;
				CLANG_WARN_ENUM_CONVERSION = YES;
				CLANG_WARN_INFINITE_RECURSION = YES;
				CLANG_WARN_INT_CONVERSION = YES;
				CLANG_WARN_OBJC_ROOT_CLASS = YES_ERROR;
				CLANG_WARN_SUSPICIOUS_MOVE = YES;
				CLANG_WARN_UNREACHABLE_CODE = YES;
				CLANG_WARN__DUPLICATE_METHOD_MATCH = YES;
				"CODE_SIGN_IDENTITY[sdk=iphoneos*]" = "iPhone Developer";
				COPY_PHASE_STRIP = NO;
				DEBUG_INFORMATION_FORMAT = "dwarf-with-dsym";
				ENABLE_NS_ASSERTIONS = NO;
				ENABLE_STRICT_OBJC_MSGSEND = YES;
				GCC_C_LANGUAGE_STANDARD = gnu99;
				GCC_NO_COMMON_BLOCKS = YES;
				GCC_WARN_64_TO_32_BIT_CONVERSION = YES;
				GCC_WARN_ABOUT_RETURN_TYPE = YES_ERROR;
				GCC_WARN_UNDECLARED_SELECTOR = YES;
				GCC_WARN_UNINITIALIZED_AUTOS = YES_AGGRESSIVE;
				GCC_WARN_UNUSED_FUNCTION = YES;
				GCC_WARN_UNUSED_VARIABLE = YES;
				IPHONEOS_DEPLOYMENT_TARGET = 10.3;
				MTL_ENABLE_DEBUG_INFO = NO;
				SDKROOT = iphoneos;
				SWIFT_OPTIMIZATION_LEVEL = "-Owholemodule";
				VALIDATE_PRODUCT = YES;
			};
			name = Release;
		};
		0F13613E1F175A75006D2A19 /* Debug */ = {
			isa = XCBuildConfiguration;
			buildSettings = {
				ASSETCATALOG_COMPILER_APPICON_NAME = AppIcon;
				ASSETCATALOG_COMPILER_LAUNCHIMAGE_NAME = LaunchImage;
				INFOPLIST_FILE = DouYuZB/Info.plist;
				IPHONEOS_DEPLOYMENT_TARGET = 9.0;
				LD_RUNPATH_SEARCH_PATHS = "$(inherited) @executable_path/Frameworks";
				PRODUCT_BUNDLE_IDENTIFIER = com.yiqigroup.DouYuZB;
				PRODUCT_NAME = "$(TARGET_NAME)";
				SWIFT_VERSION = 3.0;
			};
			name = Debug;
		};
		0F13613F1F175A75006D2A19 /* Release */ = {
			isa = XCBuildConfiguration;
			buildSettings = {
				ASSETCATALOG_COMPILER_APPICON_NAME = AppIcon;
				ASSETCATALOG_COMPILER_LAUNCHIMAGE_NAME = LaunchImage;
				INFOPLIST_FILE = DouYuZB/Info.plist;
				IPHONEOS_DEPLOYMENT_TARGET = 9.0;
				LD_RUNPATH_SEARCH_PATHS = "$(inherited) @executable_path/Frameworks";
				PRODUCT_BUNDLE_IDENTIFIER = com.yiqigroup.DouYuZB;
				PRODUCT_NAME = "$(TARGET_NAME)";
				SWIFT_VERSION = 3.0;
			};
			name = Release;
		};
		0F1361411F175A75006D2A19 /* Debug */ = {
			isa = XCBuildConfiguration;
			buildSettings = {
				ALWAYS_EMBED_SWIFT_STANDARD_LIBRARIES = YES;
				BUNDLE_LOADER = "$(TEST_HOST)";
				INFOPLIST_FILE = DouYuZBTests/Info.plist;
				LD_RUNPATH_SEARCH_PATHS = "$(inherited) @executable_path/Frameworks @loader_path/Frameworks";
				PRODUCT_BUNDLE_IDENTIFIER = com.yiqigroup.DouYuZBTests;
				PRODUCT_NAME = "$(TARGET_NAME)";
				SWIFT_VERSION = 3.0;
				TEST_HOST = "$(BUILT_PRODUCTS_DIR)/DouYuZB.app/DouYuZB";
			};
			name = Debug;
		};
		0F1361421F175A75006D2A19 /* Release */ = {
			isa = XCBuildConfiguration;
			buildSettings = {
				ALWAYS_EMBED_SWIFT_STANDARD_LIBRARIES = YES;
				BUNDLE_LOADER = "$(TEST_HOST)";
				INFOPLIST_FILE = DouYuZBTests/Info.plist;
				LD_RUNPATH_SEARCH_PATHS = "$(inherited) @executable_path/Frameworks @loader_path/Frameworks";
				PRODUCT_BUNDLE_IDENTIFIER = com.yiqigroup.DouYuZBTests;
				PRODUCT_NAME = "$(TARGET_NAME)";
				SWIFT_VERSION = 3.0;
				TEST_HOST = "$(BUILT_PRODUCTS_DIR)/DouYuZB.app/DouYuZB";
			};
			name = Release;
		};
		0F1361441F175A75006D2A19 /* Debug */ = {
			isa = XCBuildConfiguration;
			buildSettings = {
				ALWAYS_EMBED_SWIFT_STANDARD_LIBRARIES = YES;
				INFOPLIST_FILE = DouYuZBUITests/Info.plist;
				LD_RUNPATH_SEARCH_PATHS = "$(inherited) @executable_path/Frameworks @loader_path/Frameworks";
				PRODUCT_BUNDLE_IDENTIFIER = com.yiqigroup.DouYuZBUITests;
				PRODUCT_NAME = "$(TARGET_NAME)";
				SWIFT_VERSION = 3.0;
				TEST_TARGET_NAME = DouYuZB;
			};
			name = Debug;
		};
		0F1361451F175A75006D2A19 /* Release */ = {
			isa = XCBuildConfiguration;
			buildSettings = {
				ALWAYS_EMBED_SWIFT_STANDARD_LIBRARIES = YES;
				INFOPLIST_FILE = DouYuZBUITests/Info.plist;
				LD_RUNPATH_SEARCH_PATHS = "$(inherited) @executable_path/Frameworks @loader_path/Frameworks";
				PRODUCT_BUNDLE_IDENTIFIER = com.yiqigroup.DouYuZBUITests;
				PRODUCT_NAME = "$(TARGET_NAME)";
				SWIFT_VERSION = 3.0;
				TEST_TARGET_NAME = DouYuZB;
			};
			name = Release;
		};
/* End XCBuildConfiguration section */

/* Begin XCConfigurationList section */
		0F1361101F175A74006D2A19 /* Build configuration list for PBXProject "DouYuZB" */ = {
			isa = XCConfigurationList;
			buildConfigurations = (
				0F13613B1F175A75006D2A19 /* Debug */,
				0F13613C1F175A75006D2A19 /* Release */,
			);
			defaultConfigurationIsVisible = 0;
			defaultConfigurationName = Release;
		};
		0F13613D1F175A75006D2A19 /* Build configuration list for PBXNativeTarget "DouYuZB" */ = {
			isa = XCConfigurationList;
			buildConfigurations = (
				0F13613E1F175A75006D2A19 /* Debug */,
				0F13613F1F175A75006D2A19 /* Release */,
			);
			defaultConfigurationIsVisible = 0;
			defaultConfigurationName = Release;
		};
		0F1361401F175A75006D2A19 /* Build configuration list for PBXNativeTarget "DouYuZBTests" */ = {
			isa = XCConfigurationList;
			buildConfigurations = (
				0F1361411F175A75006D2A19 /* Debug */,
				0F1361421F175A75006D2A19 /* Release */,
			);
			defaultConfigurationIsVisible = 0;
			defaultConfigurationName = Release;
		};
		0F1361431F175A75006D2A19 /* Build configuration list for PBXNativeTarget "DouYuZBUITests" */ = {
			isa = XCConfigurationList;
			buildConfigurations = (
				0F1361441F175A75006D2A19 /* Debug */,
				0F1361451F175A75006D2A19 /* Release */,
			);
			defaultConfigurationIsVisible = 0;
			defaultConfigurationName = Release;
		};
/* End XCConfigurationList section */
	};
	rootObject = 0F13610D1F175A74006D2A19 /* Project object */;
}
